
Microsoft Visual Studio Solution File, Format Version 12.00
# Visual Studio 15
VisualStudioVersion = 15.0.28307.489
MinimumVisualStudioVersion = 10.0.40219.1
Project("{8BC9CEB8-8B4A-11D0-8D11-00A0C91BC942}") = "Stockfish", "Stockfish.vcxproj", "{BBF5461A-F025-432F-9C59-7986F3381592}"
EndProject
Project("{8BC9CEB8-8B4A-11D0-8D11-00A0C91BC942}") = "StockFishLib", "StockFishLib.vcxproj", "{E82C4ED4-7659-41BF-A066-8A6274068DC5}"
EndProject
Project("{8BC9CEB8-8B4A-11D0-8D11-00A0C91BC942}") = "StockFishTest", "StockFishTest.vcxproj", "{C30CEC1B-F6B6-4144-8D0A-3F54D03171FB}"
EndProject
Global
	GlobalSection(SolutionConfigurationPlatforms) = preSolution
		Debug|x64 = Debug|x64
		Release|x64 = Release|x64
	EndGlobalSection
	GlobalSection(ProjectConfigurationPlatforms) = postSolution
		{BBF5461A-F025-432F-9C59-7986F3381592}.Debug|x64.ActiveCfg = Debug|x64
		{BBF5461A-F025-432F-9C59-7986F3381592}.Debug|x64.Build.0 = Debug|x64
		{BBF5461A-F025-432F-9C59-7986F3381592}.Release|x64.ActiveCfg = Release|x64
		{BBF5461A-F025-432F-9C59-7986F3381592}.Release|x64.Build.0 = Release|x64
		{E82C4ED4-7659-41BF-A066-8A6274068DC5}.Debug|x64.ActiveCfg = Debug|x64
		{E82C4ED4-7659-41BF-A066-8A6274068DC5}.Debug|x64.Build.0 = Debug|x64
		{E82C4ED4-7659-41BF-A066-8A6274068DC5}.Release|x64.ActiveCfg = Release|x64
		{E82C4ED4-7659-41BF-A066-8A6274068DC5}.Release|x64.Build.0 = Release|x64
		{C30CEC1B-F6B6-4144-8D0A-3F54D03171FB}.Debug|x64.ActiveCfg = Debug|x64
		{C30CEC1B-F6B6-4144-8D0A-3F54D03171FB}.Debug|x64.Build.0 = Debug|x64
		{C30CEC1B-F6B6-4144-8D0A-3F54D03171FB}.Release|x64.ActiveCfg = Release|x64
		{C30CEC1B-F6B6-4144-8D0A-3F54D03171FB}.Release|x64.Build.0 = Release|x64
	EndGlobalSection
	GlobalSection(SolutionProperties) = preSolution
		HideSolutionNode = FALSE
	EndGlobalSection
	GlobalSection(ExtensibilityGlobals) = postSolution
		SolutionGuid = {CC1DBF4D-9A95-476A-BFAD-55CC02756525}
	EndGlobalSection
EndGlobal
